// !$*UTF8*$!
{
	archiveVersion = 1;
	classes = {
	};
	objectVersion = 55;
	objects = {

/* Begin PBXBuildFile section */
		22946DDD273A9F9200BAF703 /* SwiftUIFirstProjectApp.swift in Sources */ = {isa = PBXBuildFile; fileRef = 22946DDC273A9F9200BAF703 /* SwiftUIFirstProjectApp.swift */; };
		22946DDF273A9F9200BAF703 /* ContentView.swift in Sources */ = {isa = PBXBuildFile; fileRef = 22946DDE273A9F9200BAF703 /* ContentView.swift */; };
		22946DE1273A9F9700BAF703 /* Assets.xcassets in Resources */ = {isa = PBXBuildFile; fileRef = 22946DE0273A9F9700BAF703 /* Assets.xcassets */; };
		22946DE4273A9F9700BAF703 /* Preview Assets.xcassets in Resources */ = {isa = PBXBuildFile; fileRef = 22946DE3273A9F9700BAF703 /* Preview Assets.xcassets */; };
		22946DEC273AA52F00BAF703 /* TapCount.swift in Sources */ = {isa = PBXBuildFile; fileRef = 22946DEB273AA52F00BAF703 /* TapCount.swift */; };
		22946DEE273AA70700BAF703 /* BindingState.swift in Sources */ = {isa = PBXBuildFile; fileRef = 22946DED273AA70600BAF703 /* BindingState.swift */; };
		22946DF0273AA8DD00BAF703 /* CreatingViewsthroughLoop.swift in Sources */ = {isa = PBXBuildFile; fileRef = 22946DEF273AA8DD00BAF703 /* CreatingViewsthroughLoop.swift */; };
		22946DF3273BBC7600BAF703 /* WeSplit.swift in Sources */ = {isa = PBXBuildFile; fileRef = 22946DF2273BBC7600BAF703 /* WeSplit.swift */; };
/* End PBXBuildFile section */

/* Begin PBXFileReference section */
		22946DD9273A9F9200BAF703 /* SwiftUIFirstProject.app */ = {isa = PBXFileReference; explicitFileType = wrapper.application; includeInIndex = 0; path = SwiftUIFirstProject.app; sourceTree = BUILT_PRODUCTS_DIR; };
		22946DDC273A9F9200BAF703 /* SwiftUIFirstProjectApp.swift */ = {isa = PBXFileReference; lastKnownFileType = sourcecode.swift; path = SwiftUIFirstProjectApp.swift; sourceTree = "<group>"; };
		22946DDE273A9F9200BAF703 /* ContentView.swift */ = {isa = PBXFileReference; lastKnownFileType = sourcecode.swift; path = ContentView.swift; sourceTree = "<group>"; };
		22946DE0273A9F9700BAF703 /* Assets.xcassets */ = {isa = PBXFileReference; lastKnownFileType = folder.assetcatalog; path = Assets.xcassets; sourceTree = "<group>"; };
		22946DE3273A9F9700BAF703 /* Preview Assets.xcassets */ = {isa = PBXFileReference; lastKnownFileType = folder.assetcatalog; path = "Preview Assets.xcassets"; sourceTree = "<group>"; };
		22946DEB273AA52F00BAF703 /* TapCount.swift */ = {isa = PBXFileReference; lastKnownFileType = sourcecode.swift; path = TapCount.swift; sourceTree = "<group>"; };
		22946DED273AA70600BAF703 /* BindingState.swift */ = {isa = PBXFileReference; lastKnownFileType = sourcecode.swift; path = BindingState.swift; sourceTree = "<group>"; };
		22946DEF273AA8DD00BAF703 /* CreatingViewsthroughLoop.swift */ = {isa = PBXFileReference; lastKnownFileType = sourcecode.swift; path = CreatingViewsthroughLoop.swift; sourceTree = "<group>"; };
		22946DF2273BBC7600BAF703 /* WeSplit.swift */ = {isa = PBXFileReference; lastKnownFileType = sourcecode.swift; path = WeSplit.swift; sourceTree = "<group>"; };
/* End PBXFileReference section */

/* Begin PBXFrameworksBuildPhase section */
		22946DD6273A9F9200BAF703 /* Frameworks */ = {
			isa = PBXFrameworksBuildPhase;
			buildActionMask = 2147483647;
			files = (
			);
			runOnlyForDeploymentPostprocessing = 0;
		};
/* End PBXFrameworksBuildPhase section */

/* Begin PBXGroup section */
		22946DD0273A9F9200BAF703 = {
			isa = PBXGroup;
			children = (
				22946DDB273A9F9200BAF703 /* SwiftUIFirstProject */,
				22946DDA273A9F9200BAF703 /* Products */,
			);
			sourceTree = "<group>";
		};
		22946DDA273A9F9200BAF703 /* Products */ = {
			isa = PBXGroup;
			children = (
				22946DD9273A9F9200BAF703 /* SwiftUIFirstProject.app */,
			);
			name = Products;
			sourceTree = "<group>";
		};
		22946DDB273A9F9200BAF703 /* SwiftUIFirstProject */ = {
			isa = PBXGroup;
			children = (
				22946DDC273A9F9200BAF703 /* SwiftUIFirstProjectApp.swift */,
				22946DEA273AA4CF00BAF703 /* Part One */,
				22946DF1273BBBA600BAF703 /* Part Two */,
				22946DE0273A9F9700BAF703 /* Assets.xcassets */,
				22946DE2273A9F9700BAF703 /* Preview Content */,
			);
			path = SwiftUIFirstProject;
			sourceTree = "<group>";
		};
		22946DE2273A9F9700BAF703 /* Preview Content */ = {
			isa = PBXGroup;
			children = (
				22946DE3273A9F9700BAF703 /* Preview Assets.xcassets */,
			);
			path = "Preview Content";
			sourceTree = "<group>";
		};
		22946DEA273AA4CF00BAF703 /* Part One */ = {
			isa = PBXGroup;
			children = (
				22946DDE273A9F9200BAF703 /* ContentView.swift */,
				22946DEB273AA52F00BAF703 /* TapCount.swift */,
				22946DED273AA70600BAF703 /* BindingState.swift */,
				22946DEF273AA8DD00BAF703 /* CreatingViewsthroughLoop.swift */,
			);
			path = "Part One";
			sourceTree = "<group>";
		};
		22946DF1273BBBA600BAF703 /* Part Two */ = {
			isa = PBXGroup;
			children = (
				22946DF2273BBC7600BAF703 /* WeSplit.swift */,
			);
			path = "Part Two";
			sourceTree = "<group>";
		};
/* End PBXGroup section */

/* Begin PBXNativeTarget section */
		22946DD8273A9F9200BAF703 /* SwiftUIFirstProject */ = {
			isa = PBXNativeTarget;
			buildConfigurationList = 22946DE7273A9F9700BAF703 /* Build configuration list for PBXNativeTarget "SwiftUIFirstProject" */;
			buildPhases = (
				22946DD5273A9F9200BAF703 /* Sources */,
				22946DD6273A9F9200BAF703 /* Frameworks */,
				22946DD7273A9F9200BAF703 /* Resources */,
			);
			buildRules = (
			);
			dependencies = (
			);
			name = SwiftUIFirstProject;
			productName = SwiftUIFirstProject;
			productReference = 22946DD9273A9F9200BAF703 /* SwiftUIFirstProject.app */;
			productType = "com.apple.product-type.application";
		};
/* End PBXNativeTarget section */

/* Begin PBXProject section */
		22946DD1273A9F9200BAF703 /* Project object */ = {
			isa = PBXProject;
			attributes = {
				BuildIndependentTargetsInParallel = 1;
				LastSwiftUpdateCheck = 1310;
				LastUpgradeCheck = 1310;
				TargetAttributes = {
					22946DD8273A9F9200BAF703 = {
						CreatedOnToolsVersion = 13.1;
					};
				};
			};
			buildConfigurationList = 22946DD4273A9F9200BAF703 /* Build configuration list for PBXProject "SwiftUIFirstProject" */;
			compatibilityVersion = "Xcode 13.0";
			developmentRegion = en;
			hasScannedForEncodings = 0;
			knownRegions = (
				en,
				Base,
			);
			mainGroup = 22946DD0273A9F9200BAF703;
			productRefGroup = 22946DDA273A9F9200BAF703 /* Products */;
			projectDirPath = "";
			projectRoot = "";
			targets = (
				22946DD8273A9F9200BAF703 /* SwiftUIFirstProject */,
			);
		};
/* End PBXProject section */

/* Begin PBXResourcesBuildPhase section */
		22946DD7273A9F9200BAF703 /* Resources */ = {
			isa = PBXResourcesBuildPhase;
			buildActionMask = 2147483647;
			files = (
				22946DE4273A9F9700BAF703 /* Preview Assets.xcassets in Resources */,
				22946DE1273A9F9700BAF703 /* Assets.xcassets in Resources */,
			);
			runOnlyForDeploymentPostprocessing = 0;
		};
/* End PBXResourcesBuildPhase section */

/* Begin PBXSourcesBuildPhase section */
		22946DD5273A9F9200BAF703 /* Sources */ = {
			isa = PBXSourcesBuildPhase;
			buildActionMask = 2147483647;
			files = (
				22946DDF273A9F9200BAF703 /* ContentView.swift in Sources */,
				22946DF0273AA8DD00BAF703 /* CreatingViewsthroughLoop.swift in Sources */,
				22946DEE273AA70700BAF703 /* BindingState.swift in Sources */,
				22946DEC273AA52F00BAF703 /* TapCount.swift in Sources */,
				22946DF3273BBC7600BAF703 /* WeSplit.swift in Sources */,
				22946DDD273A9F9200BAF703 /* SwiftUIFirstProjectApp.swift in Sources */,
			);
			runOnlyForDeploymentPostprocessing = 0;
		};
/* End PBXSourcesBuildPhase section */

/* Begin XCBuildConfiguration section */
		22946DE5273A9F9700BAF703 /* Debug */ = {
			isa = XCBuildConfiguration;
			buildSettings = {
				ALWAYS_SEARCH_USER_PATHS = NO;
				CLANG_ANALYZER_NONNULL = YES;
				CLANG_ANALYZER_NUMBER_OBJECT_CONVERSION = YES_AGGRESSIVE;
				CLANG_CXX_LANGUAGE_STANDARD = "gnu++17";
				CLANG_CXX_LIBRARY = "libc++";
				CLANG_ENABLE_MODULES = YES;
				CLANG_ENABLE_OBJC_ARC = YES;
				CLANG_ENABLE_OBJC_WEAK = YES;
				CLANG_WARN_BLOCK_CAPTURE_AUTORELEASING = YES;
				CLANG_WARN_BOOL_CONVERSION = YES;
				CLANG_WARN_COMMA = YES;
				CLANG_WARN_CONSTANT_CONVERSION = YES;
				CLANG_WARN_DEPRECATED_OBJC_IMPLEMENTATIONS = YES;
				CLANG_WARN_DIRECT_OBJC_ISA_USAGE = YES_ERROR;
				CLANG_WARN_DOCUMENTATION_COMMENTS = YES;
				CLANG_WARN_EMPTY_BODY = YES;
				CLANG_WARN_ENUM_CONVERSION = YES;
				CLANG_WARN_INFINITE_RECURSION = YES;
				CLANG_WARN_INT_CONVERSION = YES;
				CLANG_WARN_NON_LITERAL_NULL_CONVERSION = YES;
				CLANG_WARN_OBJC_IMPLICIT_RETAIN_SELF = YES;
				CLANG_WARN_OBJC_LITERAL_CONVERSION = YES;
				CLANG_WARN_OBJC_ROOT_CLASS = YES_ERROR;
				CLANG_WARN_QUOTED_INCLUDE_IN_FRAMEWORK_HEADER = YES;
				CLANG_WARN_RANGE_LOOP_ANALYSIS = YES;
				CLANG_WARN_STRICT_PROTOTYPES = YES;
				CLANG_WARN_SUSPICIOUS_MOVE = YES;
				CLANG_WARN_UNGUARDED_AVAILABILITY = YES_AGGRESSIVE;
				CLANG_WARN_UNREACHABLE_CODE = YES;
				CLANG_WARN__DUPLICATE_METHOD_MATCH = YES;
				COPY_PHASE_STRIP = NO;
				DEBUG_INFORMATION_FORMAT = dwarf;
				ENABLE_STRICT_OBJC_MSGSEND = YES;
				ENABLE_TESTABILITY = YES;
				GCC_C_LANGUAGE_STANDARD = gnu11;
				GCC_DYNAMIC_NO_PIC = NO;
				GCC_NO_COMMON_BLOCKS = YES;
				GCC_OPTIMIZATION_LEVEL = 0;
				GCC_PREPROCESSOR_DEFINITIONS = (
					"DEBUG=1",
					"$(inherited)",
				);
				GCC_WARN_64_TO_32_BIT_CONVERSION = YES;
				GCC_WARN_ABOUT_RETURN_TYPE = YES_ERROR;
				GCC_WARN_UNDECLARED_SELECTOR = YES;
				GCC_WARN_UNINITIALIZED_AUTOS = YES_AGGRESSIVE;
				GCC_WARN_UNUSED_FUNCTION = YES;
				GCC_WARN_UNUSED_VARIABLE = YES;
				IPHONEOS_DEPLOYMENT_TARGET = 15.0;
				MTL_ENABLE_DEBUG_INFO = INCLUDE_SOURCE;
				MTL_FAST_MATH = YES;
				ONLY_ACTIVE_ARCH = YES;
				SDKROOT = iphoneos;
				SWIFT_ACTIVE_COMPILATION_CONDITIONS = DEBUG;
				SWIFT_OPTIMIZATION_LEVEL = "-Onone";
			};
			name = Debug;
		};
		22946DE6273A9F9700BAF703 /* Release */ = {
			isa = XCBuildConfiguration;
			buildSettings = {
				ALWAYS_SEARCH_USER_PATHS = NO;
				CLANG_ANALYZER_NONNULL = YES;
				CLANG_ANALYZER_NUMBER_OBJECT_CONVERSION = YES_AGGRESSIVE;
				CLANG_CXX_LANGUAGE_STANDARD = "gnu++17";
				CLANG_CXX_LIBRARY = "libc++";
				CLANG_ENABLE_MODULES = YES;
				CLANG_ENABLE_OBJC_ARC = YES;
				CLANG_ENABLE_OBJC_WEAK = YES;
				CLANG_WARN_BLOCK_CAPTURE_AUTORELEASING = YES;
				CLANG_WARN_BOOL_CONVERSION = YES;
				CLANG_WARN_COMMA = YES;
				CLANG_WARN_CONSTANT_CONVERSION = YES;
				CLANG_WARN_DEPRECATED_OBJC_IMPLEMENTATIONS = YES;
				CLANG_WARN_DIRECT_OBJC_ISA_USAGE = YES_ERROR;
				CLANG_WARN_DOCUMENTATION_COMMENTS = YES;
				CLANG_WARN_EMPTY_BODY = YES;
				CLANG_WARN_ENUM_CONVERSION = YES;
				CLANG_WARN_INFINITE_RECURSION = YES;
				CLANG_WARN_INT_CONVERSION = YES;
				CLANG_WARN_NON_LITERAL_NULL_CONVERSION = YES;
				CLANG_WARN_OBJC_IMPLICIT_RETAIN_SELF = YES;
				CLANG_WARN_OBJC_LITERAL_CONVERSION = YES;
				CLANG_WARN_OBJC_ROOT_CLASS = YES_ERROR;
				CLANG_WARN_QUOTED_INCLUDE_IN_FRAMEWORK_HEADER = YES;
				CLANG_WARN_RANGE_LOOP_ANALYSIS = YES;
				CLANG_WARN_STRICT_PROTOTYPES = YES;
				CLANG_WARN_SUSPICIOUS_MOVE = YES;
				CLANG_WARN_UNGUARDED_AVAILABILITY = YES_AGGRESSIVE;
				CLANG_WARN_UNREACHABLE_CODE = YES;
				CLANG_WARN__DUPLICATE_METHOD_MATCH = YES;
				COPY_PHASE_STRIP = NO;
				DEBUG_INFORMATION_FORMAT = "dwarf-with-dsym";
				ENABLE_NS_ASSERTIONS = NO;
				ENABLE_STRICT_OBJC_MSGSEND = YES;
				GCC_C_LANGUAGE_STANDARD = gnu11;
				GCC_NO_COMMON_BLOCKS = YES;
				GCC_WARN_64_TO_32_BIT_CONVERSION = YES;
				GCC_WARN_ABOUT_RETURN_TYPE = YES_ERROR;
				GCC_WARN_UNDECLARED_SELECTOR = YES;
				GCC_WARN_UNINITIALIZED_AUTOS = YES_AGGRESSIVE;
				GCC_WARN_UNUSED_FUNCTION = YES;
				GCC_WARN_UNUSED_VARIABLE = YES;
				IPHONEOS_DEPLOYMENT_TARGET = 15.0;
				MTL_ENABLE_DEBUG_INFO = NO;
				MTL_FAST_MATH = YES;
				SDKROOT = iphoneos;
				SWIFT_COMPILATION_MODE = wholemodule;
				SWIFT_OPTIMIZATION_LEVEL = "-O";
				VALIDATE_PRODUCT = YES;
			};
			name = Release;
		};
		22946DE8273A9F9700BAF703 /* Debug */ = {
			isa = XCBuildConfiguration;
			buildSettings = {
				ASSETCATALOG_COMPILER_APPICON_NAME = AppIcon;
				ASSETCATALOG_COMPILER_GLOBAL_ACCENT_COLOR_NAME = AccentColor;
				CODE_SIGN_STYLE = Automatic;
				CURRENT_PROJECT_VERSION = 1;
				DEVELOPMENT_ASSET_PATHS = "\"SwiftUIFirstProject/Preview Content\"";
				DEVELOPMENT_TEAM = C259CZV6WP;
				ENABLE_PREVIEWS = YES;
				GENERATE_INFOPLIST_FILE = YES;
				INFOPLIST_KEY_UIApplicationSceneManifest_Generation = YES;
				INFOPLIST_KEY_UIApplicationSupportsIndirectInputEvents = YES;
				INFOPLIST_KEY_UILaunchScreen_Generation = YES;
				INFOPLIST_KEY_UISupportedInterfaceOrientations_iPad = "UIInterfaceOrientationPortrait UIInterfaceOrientationPortraitUpsideDown UIInterfaceOrientationLandscapeLeft UIInterfaceOrientationLandscapeRight";
				INFOPLIST_KEY_UISupportedInterfaceOrientations_iPhone = "UIInterfaceOrientationPortrait UIInterfaceOrientationLandscapeLeft UIInterfaceOrientationLandscapeRight";
				LD_RUNPATH_SEARCH_PATHS = (
					"$(inherited)",
					"@executable_path/Frameworks",
				);
				MARKETING_VERSION = 1.0;
				PRODUCT_BUNDLE_IDENTIFIER = com.aldrek.swiftui.SwiftUIFirstProject;
				PRODUCT_NAME = "$(TARGET_NAME)";
				SWIFT_EMIT_LOC_STRINGS = YES;
				SWIFT_VERSION = 5.0;
				TARGETED_DEVICE_FAMILY = "1,2";
			};
			name = Debug;
		};
		22946DE9273A9F9700BAF703 /* Release */ = {
			isa = XCBuildConfiguration;
			buildSettings = {
				ASSETCATALOG_COMPILER_APPICON_NAME = AppIcon;
				ASSETCATALOG_COMPILER_GLOBAL_ACCENT_COLOR_NAME = AccentColor;
				CODE_SIGN_STYLE = Automatic;
				CURRENT_PROJECT_VERSION = 1;
				DEVELOPMENT_ASSET_PATHS = "\"SwiftUIFirstProject/Preview Content\"";
				DEVELOPMENT_TEAM = C259CZV6WP;
				ENABLE_PREVIEWS = YES;
				GENERATE_INFOPLIST_FILE = YES;
				INFOPLIST_KEY_UIApplicationSceneManifest_Generation = YES;
				INFOPLIST_KEY_UIApplicationSupportsIndirectInputEvents = YES;
				INFOPLIST_KEY_UILaunchScreen_Generation = YES;
				INFOPLIST_KEY_UISupportedInterfaceOrientations_iPad = "UIInterfaceOrientationPortrait UIInterfaceOrientationPortraitUpsideDown UIInterfaceOrientationLandscapeLeft UIInterfaceOrientationLandscapeRight";
				INFOPLIST_KEY_UISupportedInterfaceOrientations_iPhone = "UIInterfaceOrientationPortrait UIInterfaceOrientationLandscapeLeft UIInterfaceOrientationLandscapeRight";
				LD_RUNPATH_SEARCH_PATHS = (
					"$(inherited)",
					"@executable_path/Frameworks",
				);
				MARKETING_VERSION = 1.0;
				PRODUCT_BUNDLE_IDENTIFIER = com.aldrek.swiftui.SwiftUIFirstProject;
				PRODUCT_NAME = "$(TARGET_NAME)";
				SWIFT_EMIT_LOC_STRINGS = YES;
				SWIFT_VERSION = 5.0;
				TARGETED_DEVICE_FAMILY = "1,2";
			};
			name = Release;
		};
/* End XCBuildConfiguration section */

/* Begin XCConfigurationList section */
		22946DD4273A9F9200BAF703 /* Build configuration list for PBXProject "SwiftUIFirstProject" */ = {
			isa = XCConfigurationList;
			buildConfigurations = (
				22946DE5273A9F9700BAF703 /* Debug */,
				22946DE6273A9F9700BAF703 /* Release */,
			);
			defaultConfigurationIsVisible = 0;
			defaultConfigurationName = Release;
		};
		22946DE7273A9F9700BAF703 /* Build configuration list for PBXNativeTarget "SwiftUIFirstProject" */ = {
			isa = XCConfigurationList;
			buildConfigurations = (
				22946DE8273A9F9700BAF703 /* Debug */,
				22946DE9273A9F9700BAF703 /* Release */,
			);
			defaultConfigurationIsVisible = 0;
			defaultConfigurationName = Release;
		};
/* End XCConfigurationList section */
	};
	rootObject = 22946DD1273A9F9200BAF703 /* Project object */;
}
